
Microsoft Visual Studio Solution File, Format Version 12.00
# Visual Studio 15
VisualStudioVersion = 15.0.34112.143
MinimumVisualStudioVersion = 10.0.40219.1
Project("{FAE04EC0-301F-11D3-BF4B-00C04F79EFBC}") = "WebApplication1", "WebApplication1\WebApplication1.csproj", "{00AF9C1D-AB05-4BA2-A1A1-3DE57C0B3E7A}"
EndProject
Global
	GlobalSection(SolutionConfigurationPlatforms) = preSolution
		Debug|Any CPU = Debug|Any CPU
		Release|Any CPU = Release|Any CPU
	EndGlobalSection
	GlobalSection(ProjectConfigurationPlatforms) = postSolution
		{00AF9C1D-AB05-4BA2-A1A1-3DE57C0B3E7A}.Debug|Any CPU.ActiveCfg = Debug|Any CPU
		{00AF9C1D-AB05-4BA2-A1A1-3DE57C0B3E7A}.Debug|Any CPU.Build.0 = Debug|Any CPU
		{00AF9C1D-AB05-4BA2-A1A1-3DE57C0B3E7A}.Release|Any CPU.ActiveCfg = Release|Any CPU
		{00AF9C1D-AB05-4BA2-A1A1-3DE57C0B3E7A}.Release|Any CPU.Build.0 = Release|Any CPU
	EndGlobalSection
	GlobalSection(SolutionProperties) = preSolution
		HideSolutionNode = FALSE
	EndGlobalSection
	GlobalSection(ExtensibilityGlobals) = postSolution
		SolutionGuid = {1E1750F0-20DC-4B88-9EC9-7C5132E6BD5C}
	EndGlobalSection
EndGlobal
